
Microsoft Visual Studio Solution File, Format Version 12.00
# Visual Studio Version 16
VisualStudioVersion = 16.0.31515.178
MinimumVisualStudioVersion = 10.0.40219.1
Project("{FAE04EC0-301F-11D3-BF4B-00C04F79EFBC}") = "TransactionSolnApp", "TransactionSolnApp.csproj", "{193433EE-A1CA-4221-8B3A-04FBFD5B292C}"
EndProject
Global
	GlobalSection(SolutionConfigurationPlatforms) = preSolution
		Debug|Any CPU = Debug|Any CPU
		Release|Any CPU = Release|Any CPU
	EndGlobalSection
	GlobalSection(ProjectConfigurationPlatforms) = postSolution
		{193433EE-A1CA-4221-8B3A-04FBFD5B292C}.Debug|Any CPU.ActiveCfg = Debug|Any CPU
		{193433EE-A1CA-4221-8B3A-04FBFD5B292C}.Debug|Any CPU.Build.0 = Debug|Any CPU
		{193433EE-A1CA-4221-8B3A-04FBFD5B292C}.Release|Any CPU.ActiveCfg = Release|Any CPU
		{193433EE-A1CA-4221-8B3A-04FBFD5B292C}.Release|Any CPU.Build.0 = Release|Any CPU
	EndGlobalSection
	GlobalSection(SolutionProperties) = preSolution
		HideSolutionNode = FALSE
	EndGlobalSection
	GlobalSection(ExtensibilityGlobals) = postSolution
		SolutionGuid = {37CFCF96-8D54-4EA4-9FBC-A71EC461347C}
	EndGlobalSection
EndGlobal
